
Microsoft Visual Studio Solution File, Format Version 12.00
# Visual Studio 2013
VisualStudioVersion = 12.0.21005.1
MinimumVisualStudioVersion = 10.0.40219.1
Project("{FAE04EC0-301F-11D3-BF4B-00C04F79EFBC}") = "Irufushi.WebUI", "Irufushi.WebUI\Irufushi.WebUI.csproj", "{085739E7-5973-4C3B-9A0C-0B07B9FFDEBF}"
EndProject
Project("{FAE04EC0-301F-11D3-BF4B-00C04F79EFBC}") = "Abstract", "Abstract\Abstract.csproj", "{C3A87585-A8EF-4FFE-8906-8A19392368CB}"
EndProject
Project("{FAE04EC0-301F-11D3-BF4B-00C04F79EFBC}") = "Irufushi.Domain", "Irufushi.Domain\Irufushi.Domain.csproj", "{D714AA1F-C80E-465E-8610-8E2733520EB3}"
EndProject
Global
	GlobalSection(SolutionConfigurationPlatforms) = preSolution
		Debug|Any CPU = Debug|Any CPU
		Release|Any CPU = Release|Any CPU
	EndGlobalSection
	GlobalSection(ProjectConfigurationPlatforms) = postSolution
		{085739E7-5973-4C3B-9A0C-0B07B9FFDEBF}.Debug|Any CPU.ActiveCfg = Debug|Any CPU
		{085739E7-5973-4C3B-9A0C-0B07B9FFDEBF}.Debug|Any CPU.Build.0 = Debug|Any CPU
		{085739E7-5973-4C3B-9A0C-0B07B9FFDEBF}.Release|Any CPU.ActiveCfg = Release|Any CPU
		{085739E7-5973-4C3B-9A0C-0B07B9FFDEBF}.Release|Any CPU.Build.0 = Release|Any CPU
		{C3A87585-A8EF-4FFE-8906-8A19392368CB}.Debug|Any CPU.ActiveCfg = Debug|Any CPU
		{C3A87585-A8EF-4FFE-8906-8A19392368CB}.Debug|Any CPU.Build.0 = Debug|Any CPU
		{C3A87585-A8EF-4FFE-8906-8A19392368CB}.Release|Any CPU.ActiveCfg = Release|Any CPU
		{C3A87585-A8EF-4FFE-8906-8A19392368CB}.Release|Any CPU.Build.0 = Release|Any CPU
		{D714AA1F-C80E-465E-8610-8E2733520EB3}.Debug|Any CPU.ActiveCfg = Debug|Any CPU
		{D714AA1F-C80E-465E-8610-8E2733520EB3}.Debug|Any CPU.Build.0 = Debug|Any CPU
		{D714AA1F-C80E-465E-8610-8E2733520EB3}.Release|Any CPU.ActiveCfg = Release|Any CPU
		{D714AA1F-C80E-465E-8610-8E2733520EB3}.Release|Any CPU.Build.0 = Release|Any CPU
	EndGlobalSection
	GlobalSection(SolutionProperties) = preSolution
		HideSolutionNode = FALSE
	EndGlobalSection
EndGlobal
